
Microsoft Visual Studio Solution File, Format Version 12.00
# Visual Studio Version 17
VisualStudioVersion = 17.13.35919.96 d17.13
MinimumVisualStudioVersion = 10.0.40219.1
Project("{FAE04EC0-301F-11D3-BF4B-00C04F79EFBC}") = "MrKatsuWebAPI", "MrKatsuWebAPI\MrKatsuWebAPI.csproj", "{8298571E-F5C2-4C34-BEEE-F114D2D3B9A5}"
EndProject
Global
	GlobalSection(SolutionConfigurationPlatforms) = preSolution
		Debug|Any CPU = Debug|Any CPU
		Release|Any CPU = Release|Any CPU
	EndGlobalSection
	GlobalSection(ProjectConfigurationPlatforms) = postSolution
		{8298571E-F5C2-4C34-BEEE-F114D2D3B9A5}.Debug|Any CPU.ActiveCfg = Debug|Any CPU
		{8298571E-F5C2-4C34-BEEE-F114D2D3B9A5}.Debug|Any CPU.Build.0 = Debug|Any CPU
		{8298571E-F5C2-4C34-BEEE-F114D2D3B9A5}.Release|Any CPU.ActiveCfg = Release|Any CPU
		{8298571E-F5C2-4C34-BEEE-F114D2D3B9A5}.Release|Any CPU.Build.0 = Release|Any CPU
	EndGlobalSection
	GlobalSection(SolutionProperties) = preSolution
		HideSolutionNode = FALSE
	EndGlobalSection
	GlobalSection(ExtensibilityGlobals) = postSolution
		SolutionGuid = {A76382DD-43D5-40CD-AE90-D594BDCED644}
	EndGlobalSection
EndGlobal
